
Microsoft Visual Studio Solution File, Format Version 12.00
# Visual Studio 14
VisualStudioVersion = 14.0.25420.1
MinimumVisualStudioVersion = 10.0.40219.1
Project("{FAE04EC0-301F-11D3-BF4B-00C04F79EFBC}") = "JQueryDataTableFromJson", "JQueryDataTableFromJson.csproj", "{F4B22848-5C5F-4044-B700-16F6D08E8C69}"
EndProject
Global
	GlobalSection(SolutionConfigurationPlatforms) = preSolution
		Debug|Any CPU = Debug|Any CPU
		Release|Any CPU = Release|Any CPU
	EndGlobalSection
	GlobalSection(ProjectConfigurationPlatforms) = postSolution
		{F4B22848-5C5F-4044-B700-16F6D08E8C69}.Debug|Any CPU.ActiveCfg = Debug|Any CPU
		{F4B22848-5C5F-4044-B700-16F6D08E8C69}.Debug|Any CPU.Build.0 = Debug|Any CPU
		{F4B22848-5C5F-4044-B700-16F6D08E8C69}.Release|Any CPU.ActiveCfg = Release|Any CPU
		{F4B22848-5C5F-4044-B700-16F6D08E8C69}.Release|Any CPU.Build.0 = Release|Any CPU
	EndGlobalSection
	GlobalSection(SolutionProperties) = preSolution
		HideSolutionNode = FALSE
	EndGlobalSection
EndGlobal
